
Microsoft Visual Studio Solution File, Format Version 12.00
# Visual Studio Version 16
VisualStudioVersion = 16.0.30114.105
MinimumVisualStudioVersion = 10.0.40219.1
Project("{FAE04EC0-301F-11D3-BF4B-00C04F79EFBC}") = "Simulation", "Simulation\Simulation.csproj", "{850D2181-475B-45C4-AF16-3B413FC23456}"
EndProject
Project("{FAE04EC0-301F-11D3-BF4B-00C04F79EFBC}") = "SimulationTest", "SimulationTest\SimulationTest.csproj", "{A0FEA1B6-1E29-4BBB-9003-6AD5394B7B4A}"
EndProject
Global
	GlobalSection(SolutionConfigurationPlatforms) = preSolution
		Debug|Any CPU = Debug|Any CPU
		Release|Any CPU = Release|Any CPU
	EndGlobalSection
	GlobalSection(SolutionProperties) = preSolution
		HideSolutionNode = FALSE
	EndGlobalSection
	GlobalSection(ProjectConfigurationPlatforms) = postSolution
		{850D2181-475B-45C4-AF16-3B413FC23456}.Debug|Any CPU.ActiveCfg = Debug|Any CPU
		{850D2181-475B-45C4-AF16-3B413FC23456}.Debug|Any CPU.Build.0 = Debug|Any CPU
		{850D2181-475B-45C4-AF16-3B413FC23456}.Release|Any CPU.ActiveCfg = Release|Any CPU
		{850D2181-475B-45C4-AF16-3B413FC23456}.Release|Any CPU.Build.0 = Release|Any CPU
		{A0FEA1B6-1E29-4BBB-9003-6AD5394B7B4A}.Debug|Any CPU.ActiveCfg = Debug|Any CPU
		{A0FEA1B6-1E29-4BBB-9003-6AD5394B7B4A}.Debug|Any CPU.Build.0 = Debug|Any CPU
		{A0FEA1B6-1E29-4BBB-9003-6AD5394B7B4A}.Release|Any CPU.ActiveCfg = Release|Any CPU
		{A0FEA1B6-1E29-4BBB-9003-6AD5394B7B4A}.Release|Any CPU.Build.0 = Release|Any CPU
	EndGlobalSection
EndGlobal
